
Microsoft Visual Studio Solution File, Format Version 12.00
# Visual Studio Version 17
VisualStudioVersion = 17.0.32112.339
MinimumVisualStudioVersion = 10.0.40219.1
Project("{9A19103F-16F7-4668-BE54-9A1E7A4F7556}") = "dentalclinic-api", "dentalclinic-api\dentalclinic-api.csproj", "{49796585-40BE-4244-8B83-5DF740BB78A8}"
EndProject
Project("{FAE04EC0-301F-11D3-BF4B-00C04F79EFBC}") = "dentalclinic.Common", "dentalclinic.Common\dentalclinic.Common.csproj", "{EBA8CE58-CF80-4F74-BE97-4B835E73D80E}"
EndProject
Project("{FAE04EC0-301F-11D3-BF4B-00C04F79EFBC}") = "dentalclinic.Domain", "dentalclinic.Domain\dentalclinic.Domain.csproj", "{FBFADC43-24FE-4C1B-BDCC-A8189658ABEC}"
EndProject
Global
	GlobalSection(SolutionConfigurationPlatforms) = preSolution
		Debug|Any CPU = Debug|Any CPU
		Release|Any CPU = Release|Any CPU
	EndGlobalSection
	GlobalSection(ProjectConfigurationPlatforms) = postSolution
		{49796585-40BE-4244-8B83-5DF740BB78A8}.Debug|Any CPU.ActiveCfg = Debug|Any CPU
		{49796585-40BE-4244-8B83-5DF740BB78A8}.Debug|Any CPU.Build.0 = Debug|Any CPU
		{49796585-40BE-4244-8B83-5DF740BB78A8}.Release|Any CPU.ActiveCfg = Release|Any CPU
		{49796585-40BE-4244-8B83-5DF740BB78A8}.Release|Any CPU.Build.0 = Release|Any CPU
		{EBA8CE58-CF80-4F74-BE97-4B835E73D80E}.Debug|Any CPU.ActiveCfg = Debug|Any CPU
		{EBA8CE58-CF80-4F74-BE97-4B835E73D80E}.Debug|Any CPU.Build.0 = Debug|Any CPU
		{EBA8CE58-CF80-4F74-BE97-4B835E73D80E}.Release|Any CPU.ActiveCfg = Release|Any CPU
		{EBA8CE58-CF80-4F74-BE97-4B835E73D80E}.Release|Any CPU.Build.0 = Release|Any CPU
		{FBFADC43-24FE-4C1B-BDCC-A8189658ABEC}.Debug|Any CPU.ActiveCfg = Debug|Any CPU
		{FBFADC43-24FE-4C1B-BDCC-A8189658ABEC}.Debug|Any CPU.Build.0 = Debug|Any CPU
		{FBFADC43-24FE-4C1B-BDCC-A8189658ABEC}.Release|Any CPU.ActiveCfg = Release|Any CPU
		{FBFADC43-24FE-4C1B-BDCC-A8189658ABEC}.Release|Any CPU.Build.0 = Release|Any CPU
	EndGlobalSection
	GlobalSection(SolutionProperties) = preSolution
		HideSolutionNode = FALSE
	EndGlobalSection
	GlobalSection(ExtensibilityGlobals) = postSolution
		SolutionGuid = {09C922F6-1923-4064-92E1-60462D45DC24}
	EndGlobalSection
EndGlobal
